
Microsoft Visual Studio Solution File, Format Version 12.00
# Visual Studio Version 16
VisualStudioVersion = 25.0.1705.4
MinimumVisualStudioVersion = 10.0.40219.1
Project("{FAE04EC0-301F-11D3-BF4B-00C04F79EFBC}") = "Domain", "Domain\Domain.csproj", "{62BCEC17-CEAA-4C64-B1E5-D26226D37A34}"
EndProject
Project("{FAE04EC0-301F-11D3-BF4B-00C04F79EFBC}") = "DoorApi", "DoorApi\DoorApi.csproj", "{3ED925AA-E66E-4BC5-A32F-A2E7D8B4F3DC}"
EndProject
Project("{FAE04EC0-301F-11D3-BF4B-00C04F79EFBC}") = "DataAccessEF", "DataAccessEF\DataAccessEF.csproj", "{157E9CAD-116E-41B3-921C-59867FDE3FDE}"
EndProject
Project("{E53339B2-1760-4266-BCC7-CA923CBCF16C}") = "docker-compose", "docker-compose.dcproj", "{CE71F7DB-0129-4C83-9C54-E10BC1EC9A50}"
EndProject
Project("{FAE04EC0-301F-11D3-BF4B-00C04F79EFBC}") = "UserApi", "UserApi\UserApi.csproj", "{1D898876-2602-4292-B042-8535534B375E}"
EndProject
Project("{FAE04EC0-301F-11D3-BF4B-00C04F79EFBC}") = "Common", "Common\Common.csproj", "{21F29537-0FD2-43E4-A8C6-F42FB252DE0A}"
EndProject
Project("{FAE04EC0-301F-11D3-BF4B-00C04F79EFBC}") = "AdminApi", "AdminApi\AdminApi.csproj", "{4C48EBA7-8B82-4D68-8EEF-6F0151581AAB}"
EndProject
Project("{FAE04EC0-301F-11D3-BF4B-00C04F79EFBC}") = "DbMigration", "DbMigration\DbMigration.csproj", "{C7925020-4120-4F20-ACA9-26A32ABFC63A}"
EndProject
Project("{FAE04EC0-301F-11D3-BF4B-00C04F79EFBC}") = "InOutHistoryApi", "InOutHistoryApi\InOutHistoryApi.csproj", "{74CA45F3-6C51-4440-BF0B-535DEBEA26B8}"
EndProject
Project("{FAE04EC0-301F-11D3-BF4B-00C04F79EFBC}") = "UnitTest", "UnitTest\UnitTest.csproj", "{6454CA7B-8E3B-4544-B716-9B9A3F67D8B6}"
EndProject
Project("{FAE04EC0-301F-11D3-BF4B-00C04F79EFBC}") = "DomainHistory", "DomainHistory\DomainHistory.csproj", "{DEA426D6-E57F-4E4D-9324-4D7F6CE5A55E}"
EndProject
Project("{FAE04EC0-301F-11D3-BF4B-00C04F79EFBC}") = "DataAccessEFHistory", "DataAccessEFHistory\DataAccessEFHistory.csproj", "{5A1C9252-B89F-489E-9090-E88F6A624B82}"
EndProject
Global
	GlobalSection(SolutionConfigurationPlatforms) = preSolution
		Debug|Any CPU = Debug|Any CPU
		Release|Any CPU = Release|Any CPU
	EndGlobalSection
	GlobalSection(ProjectConfigurationPlatforms) = postSolution
		{62BCEC17-CEAA-4C64-B1E5-D26226D37A34}.Debug|Any CPU.ActiveCfg = Debug|Any CPU
		{62BCEC17-CEAA-4C64-B1E5-D26226D37A34}.Debug|Any CPU.Build.0 = Debug|Any CPU
		{62BCEC17-CEAA-4C64-B1E5-D26226D37A34}.Release|Any CPU.ActiveCfg = Release|Any CPU
		{62BCEC17-CEAA-4C64-B1E5-D26226D37A34}.Release|Any CPU.Build.0 = Release|Any CPU
		{3ED925AA-E66E-4BC5-A32F-A2E7D8B4F3DC}.Debug|Any CPU.ActiveCfg = Debug|Any CPU
		{3ED925AA-E66E-4BC5-A32F-A2E7D8B4F3DC}.Debug|Any CPU.Build.0 = Debug|Any CPU
		{3ED925AA-E66E-4BC5-A32F-A2E7D8B4F3DC}.Release|Any CPU.ActiveCfg = Release|Any CPU
		{3ED925AA-E66E-4BC5-A32F-A2E7D8B4F3DC}.Release|Any CPU.Build.0 = Release|Any CPU
		{157E9CAD-116E-41B3-921C-59867FDE3FDE}.Debug|Any CPU.ActiveCfg = Debug|Any CPU
		{157E9CAD-116E-41B3-921C-59867FDE3FDE}.Debug|Any CPU.Build.0 = Debug|Any CPU
		{157E9CAD-116E-41B3-921C-59867FDE3FDE}.Release|Any CPU.ActiveCfg = Release|Any CPU
		{157E9CAD-116E-41B3-921C-59867FDE3FDE}.Release|Any CPU.Build.0 = Release|Any CPU
		{CE71F7DB-0129-4C83-9C54-E10BC1EC9A50}.Debug|Any CPU.ActiveCfg = Debug|Any CPU
		{CE71F7DB-0129-4C83-9C54-E10BC1EC9A50}.Debug|Any CPU.Build.0 = Debug|Any CPU
		{CE71F7DB-0129-4C83-9C54-E10BC1EC9A50}.Release|Any CPU.ActiveCfg = Release|Any CPU
		{CE71F7DB-0129-4C83-9C54-E10BC1EC9A50}.Release|Any CPU.Build.0 = Release|Any CPU
		{1D898876-2602-4292-B042-8535534B375E}.Debug|Any CPU.ActiveCfg = Debug|Any CPU
		{1D898876-2602-4292-B042-8535534B375E}.Debug|Any CPU.Build.0 = Debug|Any CPU
		{1D898876-2602-4292-B042-8535534B375E}.Release|Any CPU.ActiveCfg = Release|Any CPU
		{1D898876-2602-4292-B042-8535534B375E}.Release|Any CPU.Build.0 = Release|Any CPU
		{21F29537-0FD2-43E4-A8C6-F42FB252DE0A}.Debug|Any CPU.ActiveCfg = Debug|Any CPU
		{21F29537-0FD2-43E4-A8C6-F42FB252DE0A}.Debug|Any CPU.Build.0 = Debug|Any CPU
		{21F29537-0FD2-43E4-A8C6-F42FB252DE0A}.Release|Any CPU.ActiveCfg = Release|Any CPU
		{21F29537-0FD2-43E4-A8C6-F42FB252DE0A}.Release|Any CPU.Build.0 = Release|Any CPU
		{4C48EBA7-8B82-4D68-8EEF-6F0151581AAB}.Debug|Any CPU.ActiveCfg = Debug|Any CPU
		{4C48EBA7-8B82-4D68-8EEF-6F0151581AAB}.Debug|Any CPU.Build.0 = Debug|Any CPU
		{4C48EBA7-8B82-4D68-8EEF-6F0151581AAB}.Release|Any CPU.ActiveCfg = Release|Any CPU
		{4C48EBA7-8B82-4D68-8EEF-6F0151581AAB}.Release|Any CPU.Build.0 = Release|Any CPU
		{C7925020-4120-4F20-ACA9-26A32ABFC63A}.Debug|Any CPU.ActiveCfg = Debug|Any CPU
		{C7925020-4120-4F20-ACA9-26A32ABFC63A}.Debug|Any CPU.Build.0 = Debug|Any CPU
		{C7925020-4120-4F20-ACA9-26A32ABFC63A}.Release|Any CPU.ActiveCfg = Release|Any CPU
		{C7925020-4120-4F20-ACA9-26A32ABFC63A}.Release|Any CPU.Build.0 = Release|Any CPU
		{74CA45F3-6C51-4440-BF0B-535DEBEA26B8}.Debug|Any CPU.ActiveCfg = Debug|Any CPU
		{74CA45F3-6C51-4440-BF0B-535DEBEA26B8}.Debug|Any CPU.Build.0 = Debug|Any CPU
		{74CA45F3-6C51-4440-BF0B-535DEBEA26B8}.Release|Any CPU.ActiveCfg = Release|Any CPU
		{74CA45F3-6C51-4440-BF0B-535DEBEA26B8}.Release|Any CPU.Build.0 = Release|Any CPU
		{6454CA7B-8E3B-4544-B716-9B9A3F67D8B6}.Debug|Any CPU.ActiveCfg = Debug|Any CPU
		{6454CA7B-8E3B-4544-B716-9B9A3F67D8B6}.Debug|Any CPU.Build.0 = Debug|Any CPU
		{6454CA7B-8E3B-4544-B716-9B9A3F67D8B6}.Release|Any CPU.ActiveCfg = Release|Any CPU
		{6454CA7B-8E3B-4544-B716-9B9A3F67D8B6}.Release|Any CPU.Build.0 = Release|Any CPU
		{DEA426D6-E57F-4E4D-9324-4D7F6CE5A55E}.Debug|Any CPU.ActiveCfg = Debug|Any CPU
		{DEA426D6-E57F-4E4D-9324-4D7F6CE5A55E}.Debug|Any CPU.Build.0 = Debug|Any CPU
		{DEA426D6-E57F-4E4D-9324-4D7F6CE5A55E}.Release|Any CPU.ActiveCfg = Release|Any CPU
		{DEA426D6-E57F-4E4D-9324-4D7F6CE5A55E}.Release|Any CPU.Build.0 = Release|Any CPU
		{5A1C9252-B89F-489E-9090-E88F6A624B82}.Debug|Any CPU.ActiveCfg = Debug|Any CPU
		{5A1C9252-B89F-489E-9090-E88F6A624B82}.Debug|Any CPU.Build.0 = Debug|Any CPU
		{5A1C9252-B89F-489E-9090-E88F6A624B82}.Release|Any CPU.ActiveCfg = Release|Any CPU
		{5A1C9252-B89F-489E-9090-E88F6A624B82}.Release|Any CPU.Build.0 = Release|Any CPU
	EndGlobalSection
	GlobalSection(SolutionProperties) = preSolution
		HideSolutionNode = FALSE
	EndGlobalSection
	GlobalSection(ExtensibilityGlobals) = postSolution
		SolutionGuid = {63E41E3E-41D6-47CF-A189-0FD6F3599B8A}
	EndGlobalSection
EndGlobal
